
Microsoft Visual Studio Solution File, Format Version 12.00
# Visual Studio Version 17
VisualStudioVersion = 17.8.34525.116
MinimumVisualStudioVersion = 10.0.40219.1
Project("{FAE04EC0-301F-11D3-BF4B-00C04F79EFBC}") = "Assignment_1", "Assignment_1\Assignment_1.csproj", "{3DCF4F4F-E831-461B-B6BB-327760676DE9}"
EndProject
Global
	GlobalSection(SolutionConfigurationPlatforms) = preSolution
		Debug|Any CPU = Debug|Any CPU
		Release|Any CPU = Release|Any CPU
	EndGlobalSection
	GlobalSection(ProjectConfigurationPlatforms) = postSolution
		{3DCF4F4F-E831-461B-B6BB-327760676DE9}.Debug|Any CPU.ActiveCfg = Debug|Any CPU
		{3DCF4F4F-E831-461B-B6BB-327760676DE9}.Debug|Any CPU.Build.0 = Debug|Any CPU
		{3DCF4F4F-E831-461B-B6BB-327760676DE9}.Release|Any CPU.ActiveCfg = Release|Any CPU
		{3DCF4F4F-E831-461B-B6BB-327760676DE9}.Release|Any CPU.Build.0 = Release|Any CPU
	EndGlobalSection
	GlobalSection(SolutionProperties) = preSolution
		HideSolutionNode = FALSE
	EndGlobalSection
	GlobalSection(ExtensibilityGlobals) = postSolution
		SolutionGuid = {A58EA9F7-4EDE-4E08-9CAB-5D79A4B67633}
	EndGlobalSection
EndGlobal
